{
    "_readme": [
        "This file locks the dependencies of your project to a known state",
        "Read more about it at https://getcomposer.org/doc/01-basic-usage.md#installing-dependencies",
        "This file is @generated automatically"
    ],
    "content-hash": "9a74fa33a5f6bbbecb29025047c97ac6",
    "packages": [
        {
            "name": "joshtronic/php-loremipsum",
            "version": "dev-master",
            "source": {
                "type": "git",
                "url": "https://github.com/joshtronic/php-loremipsum.git",
                "reference": "ae53465dad7552ccf6667836c7d449dba2f96fe5"
            },
            "dist": {
                "type": "zip",
                "url": "https://api.github.com/repos/joshtronic/php-loremipsum/zipball/ae53465dad7552ccf6667836c7d449dba2f96fe5",
                "reference": "ae53465dad7552ccf6667836c7d449dba2f96fe5",
                "shasum": ""
            },
            "require": {
                "php": ">=5.3"
            },
            "require-dev": {
                "phpunit/phpunit": "^4.8.36 || ^9.0"
            },
            "default-branch": true,
            "type": "library",
            "autoload": {
                "psr-4": {
                    "joshtronic\\": "src/"
                }
            },
            "notification-url": "https://packagist.org/downloads/",
            "license": [
                "MIT"
            ],
            "authors": [
                {
                    "name": "Josh Sherman",
                    "email": "hello@joshtronic.com",
                    "homepage": "https://joshtronic.com"
                }
            ],
            "description": "Lorem ipsum generator in PHP without dependencies",
            "homepage": "https://github.com/joshtronic/php-loremipsum",
            "keywords": [
                "generator",
                "ipsum",
                "lorem"
            ],
            "support": {
                "issues": "https://github.com/joshtronic/php-loremipsum/issues",
                "source": "https://github.com/joshtronic/php-loremipsum/tree/master"
            },
            "time": "2020-12-29T22:23:21+00:00"
        },
        {
            "name": "kirki-framework/kirki",
            "version": "4.2.0",
            "source": {
                "type": "git",
                "url": "https://github.com/themeum/kirki.git",
                "reference": "a9d7f45c79d14b46386ccbaf0b68bdd962291db1"
            },
            "dist": {
                "type": "zip",
                "url": "https://api.github.com/repos/themeum/kirki/zipball/a9d7f45c79d14b46386ccbaf0b68bdd962291db1",
                "reference": "a9d7f45c79d14b46386ccbaf0b68bdd962291db1",
                "shasum": ""
            },
            "require": {
                "php": ">=7.0"
            },
            "require-dev": {
                "composer/installers": "*",
                "dealerdirect/phpcodesniffer-composer-installer": "*",
                "phpcompatibility/phpcompatibility-wp": "*",
                "wp-coding-standards/wpcs": "*",
                "wptrt/wpthemereview": "dev-develop"
            },
            "type": "library",
            "autoload": {
                "psr-4": {
                    "Kirki\\": [
                        "kirki-packages/control-base/src",
                        "kirki-packages/control-checkbox/src",
                        "kirki-packages/control-code/src",
                        "kirki-packages/control-color/src",
                        "kirki-packages/control-color-palette/src",
                        "kirki-packages/control-cropped-image/src",
                        "kirki-packages/control-custom/src",
                        "kirki-packages/control-dashicons/src",
                        "kirki-packages/control-date/src",
                        "kirki-packages/control-dimension/src",
                        "kirki-packages/control-editor/src",
                        "kirki-packages/control-generic/src",
                        "kirki-packages/control-image/src",
                        "kirki-packages/control-multicheck/src",
                        "kirki-packages/control-palette/src",
                        "kirki-packages/control-radio/src",
                        "kirki-packages/control-react-colorful/src",
                        "kirki-packages/control-react-select/src",
                        "kirki-packages/control-repeater/src",
                        "kirki-packages/control-select/src",
                        "kirki-packages/control-slider/src",
                        "kirki-packages/control-sortable/src",
                        "kirki-packages/control-upload/src",
                        "kirki-packages/field/src",
                        "kirki-packages/googlefonts/src",
                        "kirki-packages/l10n/src",
                        "kirki-packages/module-panels/src",
                        "kirki-packages/module-sections/src",
                        "kirki-packages/url-getter/src"
                    ],
                    "Kirki\\Data\\": [
                        "kirki-packages/data-option/src"
                    ],
                    "Kirki\\Util\\": [
                        "kirki-packages/util/src"
                    ],
                    "Kirki\\Field\\": [
                        "kirki-packages/field/src/Field",
                        "kirki-packages/field-background/src",
                        "kirki-packages/field-dimensions/src",
                        "kirki-packages/field-fontawesome/src",
                        "kirki-packages/field-multicolor/src/Field",
                        "kirki-packages/field-multicolor/src",
                        "kirki-packages/field-typography/src/Field",
                        "kirki-packages/field-typography/src"
                    ],
                    "Kirki\\Module\\": [
                        "kirki-packages/module-css/src",
                        "kirki-packages/module-editor-styles/src",
                        "kirki-packages/module-field-dependencies/src",
                        "kirki-packages/module-postmessage/src",
                        "kirki-packages/module-preset/src",
                        "kirki-packages/module-section-icons/src",
                        "kirki-packages/module-selective-refresh/src",
                        "kirki-packages/module-tooltips/src",
                        "kirki-packages/module-webfonts/src"
                    ],
                    "Kirki\\Settings\\": [
                        "kirki-packages/settings/src"
                    ],
                    "Kirki\\Compatibility\\": [
                        "kirki-packages/compatibility/src"
                    ]
                }
            },
            "notification-url": "https://packagist.org/downloads/",
            "include-path": [
                ".",
                "core"
            ],
            "license": [
                "MIT"
            ],
            "authors": [
                {
                    "name": "Kirki Framework",
                    "email": "connect@mapsteps.com"
                }
            ],
            "description": "Extending the WordPress customizer",
            "homepage": "https://kirki.org",
            "keywords": [
                "customizer",
                "wordpress"
            ],
            "support": {
                "issues": "https://github.com/themeum/kirki/issues",
                "source": "https://github.com/themeum/kirki/tree/v4.2.0"
            },
            "time": "2023-06-06T18:51:29+00:00"
        },
        {
            "name": "symfony/deprecation-contracts",
            "version": "v3.3.0",
            "source": {
                "type": "git",
                "url": "https://github.com/symfony/deprecation-contracts.git",
                "reference": "7c3aff79d10325257a001fcf92d991f24fc967cf"
            },
            "dist": {
                "type": "zip",
                "url": "https://api.github.com/repos/symfony/deprecation-contracts/zipball/7c3aff79d10325257a001fcf92d991f24fc967cf",
                "reference": "7c3aff79d10325257a001fcf92d991f24fc967cf",
                "shasum": ""
            },
            "require": {
                "php": ">=8.1"
            },
            "type": "library",
            "extra": {
                "branch-alias": {
                    "dev-main": "3.4-dev"
                },
                "thanks": {
                    "name": "symfony/contracts",
                    "url": "https://github.com/symfony/contracts"
                }
            },
            "autoload": {
                "files": [
                    "function.php"
                ]
            },
            "notification-url": "https://packagist.org/downloads/",
            "license": [
                "MIT"
            ],
            "authors": [
                {
                    "name": "Nicolas Grekas",
                    "email": "p@tchwork.com"
                },
                {
                    "name": "Symfony Community",
                    "homepage": "https://symfony.com/contributors"
                }
            ],
            "description": "A generic function and convention to trigger deprecation notices",
            "homepage": "https://symfony.com",
            "support": {
                "source": "https://github.com/symfony/deprecation-contracts/tree/v3.3.0"
            },
            "funding": [
                {
                    "url": "https://symfony.com/sponsor",
                    "type": "custom"
                },
                {
                    "url": "https://github.com/fabpot",
                    "type": "github"
                },
                {
                    "url": "https://tidelift.com/funding/github/packagist/symfony/symfony",
                    "type": "tidelift"
                }
            ],
            "time": "2023-05-23T14:45:45+00:00"
        },
        {
            "name": "symfony/polyfill-mbstring",
            "version": "v1.28.0",
            "source": {
                "type": "git",
                "url": "https://github.com/symfony/polyfill-mbstring.git",
                "reference": "42292d99c55abe617799667f454222c54c60e229"
            },
            "dist": {
                "type": "zip",
                "url": "https://api.github.com/repos/symfony/polyfill-mbstring/zipball/42292d99c55abe617799667f454222c54c60e229",
                "reference": "42292d99c55abe617799667f454222c54c60e229",
                "shasum": ""
            },
            "require": {
                "php": ">=7.1"
            },
            "provide": {
                "ext-mbstring": "*"
            },
            "suggest": {
                "ext-mbstring": "For best performance"
            },
            "type": "library",
            "extra": {
                "branch-alias": {
                    "dev-main": "1.28-dev"
                },
                "thanks": {
                    "name": "symfony/polyfill",
                    "url": "https://github.com/symfony/polyfill"
                }
            },
            "autoload": {
                "files": [
                    "bootstrap.php"
                ],
                "psr-4": {
                    "Symfony\\Polyfill\\Mbstring\\": ""
                }
            },
            "notification-url": "https://packagist.org/downloads/",
            "license": [
                "MIT"
            ],
            "authors": [
                {
                    "name": "Nicolas Grekas",
                    "email": "p@tchwork.com"
                },
                {
                    "name": "Symfony Community",
                    "homepage": "https://symfony.com/contributors"
                }
            ],
            "description": "Symfony polyfill for the Mbstring extension",
            "homepage": "https://symfony.com",
            "keywords": [
                "compatibility",
                "mbstring",
                "polyfill",
                "portable",
                "shim"
            ],
            "support": {
                "source": "https://github.com/symfony/polyfill-mbstring/tree/v1.28.0"
            },
            "funding": [
                {
                    "url": "https://symfony.com/sponsor",
                    "type": "custom"
                },
                {
                    "url": "https://github.com/fabpot",
                    "type": "github"
                },
                {
                    "url": "https://tidelift.com/funding/github/packagist/symfony/symfony",
                    "type": "tidelift"
                }
            ],
            "time": "2023-07-28T09:04:16+00:00"
        },
        {
            "name": "symfony/var-dumper",
            "version": "v6.3.4",
            "source": {
                "type": "git",
                "url": "https://github.com/symfony/var-dumper.git",
                "reference": "2027be14f8ae8eae999ceadebcda5b4909b81d45"
            },
            "dist": {
                "type": "zip",
                "url": "https://api.github.com/repos/symfony/var-dumper/zipball/2027be14f8ae8eae999ceadebcda5b4909b81d45",
                "reference": "2027be14f8ae8eae999ceadebcda5b4909b81d45",
                "shasum": ""
            },
            "require": {
                "php": ">=8.1",
                "symfony/deprecation-contracts": "^2.5|^3",
                "symfony/polyfill-mbstring": "~1.0"
            },
            "conflict": {
                "symfony/console": "<5.4"
            },
            "require-dev": {
                "ext-iconv": "*",
                "symfony/console": "^5.4|^6.0",
                "symfony/http-kernel": "^5.4|^6.0",
                "symfony/process": "^5.4|^6.0",
                "symfony/uid": "^5.4|^6.0",
                "twig/twig": "^2.13|^3.0.4"
            },
            "bin": [
                "Resources/bin/var-dump-server"
            ],
            "type": "library",
            "autoload": {
                "files": [
                    "Resources/functions/dump.php"
                ],
                "psr-4": {
                    "Symfony\\Component\\VarDumper\\": ""
                },
                "exclude-from-classmap": [
                    "/Tests/"
                ]
            },
            "notification-url": "https://packagist.org/downloads/",
            "license": [
                "MIT"
            ],
            "authors": [
                {
                    "name": "Nicolas Grekas",
                    "email": "p@tchwork.com"
                },
                {
                    "name": "Symfony Community",
                    "homepage": "https://symfony.com/contributors"
                }
            ],
            "description": "Provides mechanisms for walking through any arbitrary PHP variable",
            "homepage": "https://symfony.com",
            "keywords": [
                "debug",
                "dump"
            ],
            "support": {
                "source": "https://github.com/symfony/var-dumper/tree/v6.3.4"
            },
            "funding": [
                {
                    "url": "https://symfony.com/sponsor",
                    "type": "custom"
                },
                {
                    "url": "https://github.com/fabpot",
                    "type": "github"
                },
                {
                    "url": "https://tidelift.com/funding/github/packagist/symfony/symfony",
                    "type": "tidelift"
                }
            ],
            "time": "2023-08-24T14:51:05+00:00"
        }
    ],
    "packages-dev": [],
    "aliases": [],
    "minimum-stability": "stable",
    "stability-flags": {
        "joshtronic/php-loremipsum": 20
    },
    "prefer-stable": false,
    "prefer-lowest": false,
    "platform": [],
    "platform-dev": [],
    "plugin-api-version": "2.3.0"
}
